
Microsoft Visual Studio Solution File, Format Version 12.00
# Visual Studio Version 17
VisualStudioVersion = 17.7.34031.279
MinimumVisualStudioVersion = 10.0.40219.1
Project("{FAE04EC0-301F-11D3-BF4B-00C04F79EFBC}") = "DIP Activity 2", "DIP Activity 2.csproj", "{174D3B96-3280-4F39-9C26-48B65409725E}"
EndProject
Global
	GlobalSection(SolutionConfigurationPlatforms) = preSolution
		Debug|Any CPU = Debug|Any CPU
		Release|Any CPU = Release|Any CPU
	EndGlobalSection
	GlobalSection(ProjectConfigurationPlatforms) = postSolution
		{174D3B96-3280-4F39-9C26-48B65409725E}.Debug|Any CPU.ActiveCfg = Debug|Any CPU
		{174D3B96-3280-4F39-9C26-48B65409725E}.Debug|Any CPU.Build.0 = Debug|Any CPU
		{174D3B96-3280-4F39-9C26-48B65409725E}.Release|Any CPU.ActiveCfg = Release|Any CPU
		{174D3B96-3280-4F39-9C26-48B65409725E}.Release|Any CPU.Build.0 = Release|Any CPU
	EndGlobalSection
	GlobalSection(SolutionProperties) = preSolution
		HideSolutionNode = FALSE
	EndGlobalSection
	GlobalSection(ExtensibilityGlobals) = postSolution
		SolutionGuid = {AF254672-C3F0-4123-8EF0-DDF13E1A3E12}
	EndGlobalSection
EndGlobal
